
Microsoft Visual Studio Solution File, Format Version 12.00
# Visual Studio Version 16
VisualStudioVersion = 16.0.31624.102
MinimumVisualStudioVersion = 10.0.40219.1
Project("{FAE04EC0-301F-11D3-BF4B-00C04F79EFBC}") = "lab2", "lab2.csproj", "{F9C60059-60BD-474F-A6A9-0FAA8527996F}"
EndProject
Global
	GlobalSection(SolutionConfigurationPlatforms) = preSolution
		Debug|Any CPU = Debug|Any CPU
		Release|Any CPU = Release|Any CPU
	EndGlobalSection
	GlobalSection(ProjectConfigurationPlatforms) = postSolution
		{F9C60059-60BD-474F-A6A9-0FAA8527996F}.Debug|Any CPU.ActiveCfg = Debug|Any CPU
		{F9C60059-60BD-474F-A6A9-0FAA8527996F}.Debug|Any CPU.Build.0 = Debug|Any CPU
		{F9C60059-60BD-474F-A6A9-0FAA8527996F}.Release|Any CPU.ActiveCfg = Release|Any CPU
		{F9C60059-60BD-474F-A6A9-0FAA8527996F}.Release|Any CPU.Build.0 = Release|Any CPU
	EndGlobalSection
	GlobalSection(SolutionProperties) = preSolution
		HideSolutionNode = FALSE
	EndGlobalSection
	GlobalSection(ExtensibilityGlobals) = postSolution
		SolutionGuid = {E8070296-C6A7-4341-BDAE-3F4384AD2CE3}
	EndGlobalSection
EndGlobal
