
Microsoft Visual Studio Solution File, Format Version 12.00
# Visual Studio Version 16
VisualStudioVersion = 16.0.31624.102
MinimumVisualStudioVersion = 10.0.40219.1
Project("{FAE04EC0-301F-11D3-BF4B-00C04F79EFBC}") = "lab2.1", "lab2.1.csproj", "{C041E8F7-303D-4271-B4F5-BBD71D3FD790}"
EndProject
Global
	GlobalSection(SolutionConfigurationPlatforms) = preSolution
		Debug|Any CPU = Debug|Any CPU
		Release|Any CPU = Release|Any CPU
	EndGlobalSection
	GlobalSection(ProjectConfigurationPlatforms) = postSolution
		{C041E8F7-303D-4271-B4F5-BBD71D3FD790}.Debug|Any CPU.ActiveCfg = Debug|Any CPU
		{C041E8F7-303D-4271-B4F5-BBD71D3FD790}.Debug|Any CPU.Build.0 = Debug|Any CPU
		{C041E8F7-303D-4271-B4F5-BBD71D3FD790}.Release|Any CPU.ActiveCfg = Release|Any CPU
		{C041E8F7-303D-4271-B4F5-BBD71D3FD790}.Release|Any CPU.Build.0 = Release|Any CPU
	EndGlobalSection
	GlobalSection(SolutionProperties) = preSolution
		HideSolutionNode = FALSE
	EndGlobalSection
	GlobalSection(ExtensibilityGlobals) = postSolution
		SolutionGuid = {C23721D4-303C-459E-B5E2-0EE00517FF3F}
	EndGlobalSection
EndGlobal
