
Microsoft Visual Studio Solution File, Format Version 12.00
# Visual Studio Version 16
VisualStudioVersion = 16.0.31624.102
MinimumVisualStudioVersion = 10.0.40219.1
Project("{FAE04EC0-301F-11D3-BF4B-00C04F79EFBC}") = "lab2", "lab2.csproj", "{9716D81F-DCB2-49A0-A71F-E757EA2D1333}"
EndProject
Global
	GlobalSection(SolutionConfigurationPlatforms) = preSolution
		Debug|Any CPU = Debug|Any CPU
		Release|Any CPU = Release|Any CPU
	EndGlobalSection
	GlobalSection(ProjectConfigurationPlatforms) = postSolution
		{9716D81F-DCB2-49A0-A71F-E757EA2D1333}.Debug|Any CPU.ActiveCfg = Debug|Any CPU
		{9716D81F-DCB2-49A0-A71F-E757EA2D1333}.Debug|Any CPU.Build.0 = Debug|Any CPU
		{9716D81F-DCB2-49A0-A71F-E757EA2D1333}.Release|Any CPU.ActiveCfg = Release|Any CPU
		{9716D81F-DCB2-49A0-A71F-E757EA2D1333}.Release|Any CPU.Build.0 = Release|Any CPU
	EndGlobalSection
	GlobalSection(SolutionProperties) = preSolution
		HideSolutionNode = FALSE
	EndGlobalSection
	GlobalSection(ExtensibilityGlobals) = postSolution
		SolutionGuid = {0C5FDB86-2DB0-4660-B793-852E5E7F7B4C}
	EndGlobalSection
EndGlobal
