
Microsoft Visual Studio Solution File, Format Version 12.00
# Visual Studio Version 16
VisualStudioVersion = 16.0.31624.102
MinimumVisualStudioVersion = 10.0.40219.1
Project("{FAE04EC0-301F-11D3-BF4B-00C04F79EFBC}") = "lab7", "lab7.csproj", "{B0B76E17-C875-4E24-895C-1E0E0311B19C}"
EndProject
Global
	GlobalSection(SolutionConfigurationPlatforms) = preSolution
		Debug|Any CPU = Debug|Any CPU
		Release|Any CPU = Release|Any CPU
	EndGlobalSection
	GlobalSection(ProjectConfigurationPlatforms) = postSolution
		{B0B76E17-C875-4E24-895C-1E0E0311B19C}.Debug|Any CPU.ActiveCfg = Debug|Any CPU
		{B0B76E17-C875-4E24-895C-1E0E0311B19C}.Debug|Any CPU.Build.0 = Debug|Any CPU
		{B0B76E17-C875-4E24-895C-1E0E0311B19C}.Release|Any CPU.ActiveCfg = Release|Any CPU
		{B0B76E17-C875-4E24-895C-1E0E0311B19C}.Release|Any CPU.Build.0 = Release|Any CPU
	EndGlobalSection
	GlobalSection(SolutionProperties) = preSolution
		HideSolutionNode = FALSE
	EndGlobalSection
	GlobalSection(ExtensibilityGlobals) = postSolution
		SolutionGuid = {C277CBEF-8F32-47F0-9701-FD48287A1F26}
	EndGlobalSection
EndGlobal
